
Microsoft Visual Studio Solution File, Format Version 12.00
# Visual Studio 15
VisualStudioVersion = 15.0.28307.539
MinimumVisualStudioVersion = 10.0.40219.1
Project("{FAE04EC0-301F-11D3-BF4B-00C04F79EFBC}") = "TopicoEspecial2", "TopicoEspecial2\TopicoEspecial2.csproj", "{9289C06B-BD37-4E03-8AD7-BF7E01DC25CE}"
EndProject
Global
	GlobalSection(SolutionConfigurationPlatforms) = preSolution
		Debug|Any CPU = Debug|Any CPU
		Release|Any CPU = Release|Any CPU
	EndGlobalSection
	GlobalSection(ProjectConfigurationPlatforms) = postSolution
		{9289C06B-BD37-4E03-8AD7-BF7E01DC25CE}.Debug|Any CPU.ActiveCfg = Debug|Any CPU
		{9289C06B-BD37-4E03-8AD7-BF7E01DC25CE}.Debug|Any CPU.Build.0 = Debug|Any CPU
		{9289C06B-BD37-4E03-8AD7-BF7E01DC25CE}.Release|Any CPU.ActiveCfg = Release|Any CPU
		{9289C06B-BD37-4E03-8AD7-BF7E01DC25CE}.Release|Any CPU.Build.0 = Release|Any CPU
	EndGlobalSection
	GlobalSection(SolutionProperties) = preSolution
		HideSolutionNode = FALSE
	EndGlobalSection
	GlobalSection(ExtensibilityGlobals) = postSolution
		SolutionGuid = {649D514A-C6AF-4E02-9159-B0D7D2C1F3B2}
	EndGlobalSection
EndGlobal
